
Microsoft Visual Studio Solution File, Format Version 12.00
# Visual Studio 2012
Project("{FAE04EC0-301F-11D3-BF4B-00C04F79EFBC}") = "MindwaveGamePlayerSetup.iOS", "iOS\MindwaveGamePlayerSetup.iOS.csproj", "{F9E03C99-1B6C-4FA7-8762-00B38B50559A}"
EndProject
Project("{FAE04EC0-301F-11D3-BF4B-00C04F79EFBC}") = "MindwaveGamePlayerSetup.UITests", "UITests\MindwaveGamePlayerSetup.UITests.csproj", "{95805400-8630-4CEC-9E92-8F61FD90D548}"
EndProject
Project("{FAE04EC0-301F-11D3-BF4B-00C04F79EFBC}") = "MindwaveGamePlayerSetup.Shared", "MindwaveGamePlayerSetup.Shared\MindwaveGamePlayerSetup.Shared.csproj", "{8DE888DD-8C22-4C68-A30E-B768193AC887}"
EndProject
Project("{FAE04EC0-301F-11D3-BF4B-00C04F79EFBC}") = "NinjectIoC", "NinjectIoC\NinjectIoC.csproj", "{E5302A34-EC36-45DE-8833-6C6360E2873F}"
EndProject
Global
	GlobalSection(SolutionConfigurationPlatforms) = preSolution
		Debug|iPhoneSimulator = Debug|iPhoneSimulator
		Release|iPhone = Release|iPhone
		Release|iPhoneSimulator = Release|iPhoneSimulator
		Debug|iPhone = Debug|iPhone
		Debug|Any CPU = Debug|Any CPU
		Release|Any CPU = Release|Any CPU
	EndGlobalSection
	GlobalSection(ProjectConfigurationPlatforms) = postSolution
		{8DE888DD-8C22-4C68-A30E-B768193AC887}.Debug|Any CPU.ActiveCfg = Debug|Any CPU
		{8DE888DD-8C22-4C68-A30E-B768193AC887}.Debug|Any CPU.Build.0 = Debug|Any CPU
		{8DE888DD-8C22-4C68-A30E-B768193AC887}.Debug|iPhone.ActiveCfg = Debug|Any CPU
		{8DE888DD-8C22-4C68-A30E-B768193AC887}.Debug|iPhone.Build.0 = Debug|Any CPU
		{8DE888DD-8C22-4C68-A30E-B768193AC887}.Debug|iPhoneSimulator.ActiveCfg = Debug|Any CPU
		{8DE888DD-8C22-4C68-A30E-B768193AC887}.Debug|iPhoneSimulator.Build.0 = Debug|Any CPU
		{8DE888DD-8C22-4C68-A30E-B768193AC887}.Release|Any CPU.ActiveCfg = Release|Any CPU
		{8DE888DD-8C22-4C68-A30E-B768193AC887}.Release|Any CPU.Build.0 = Release|Any CPU
		{8DE888DD-8C22-4C68-A30E-B768193AC887}.Release|iPhone.ActiveCfg = Release|Any CPU
		{8DE888DD-8C22-4C68-A30E-B768193AC887}.Release|iPhone.Build.0 = Release|Any CPU
		{8DE888DD-8C22-4C68-A30E-B768193AC887}.Release|iPhoneSimulator.ActiveCfg = Release|Any CPU
		{8DE888DD-8C22-4C68-A30E-B768193AC887}.Release|iPhoneSimulator.Build.0 = Release|Any CPU
		{95805400-8630-4CEC-9E92-8F61FD90D548}.Debug|Any CPU.ActiveCfg = Debug|Any CPU
		{95805400-8630-4CEC-9E92-8F61FD90D548}.Debug|Any CPU.Build.0 = Debug|Any CPU
		{95805400-8630-4CEC-9E92-8F61FD90D548}.Debug|iPhone.ActiveCfg = Debug|Any CPU
		{95805400-8630-4CEC-9E92-8F61FD90D548}.Debug|iPhone.Build.0 = Debug|Any CPU
		{95805400-8630-4CEC-9E92-8F61FD90D548}.Debug|iPhoneSimulator.ActiveCfg = Debug|Any CPU
		{95805400-8630-4CEC-9E92-8F61FD90D548}.Debug|iPhoneSimulator.Build.0 = Debug|Any CPU
		{95805400-8630-4CEC-9E92-8F61FD90D548}.Release|Any CPU.ActiveCfg = Release|Any CPU
		{95805400-8630-4CEC-9E92-8F61FD90D548}.Release|Any CPU.Build.0 = Release|Any CPU
		{95805400-8630-4CEC-9E92-8F61FD90D548}.Release|iPhone.ActiveCfg = Release|Any CPU
		{95805400-8630-4CEC-9E92-8F61FD90D548}.Release|iPhone.Build.0 = Release|Any CPU
		{95805400-8630-4CEC-9E92-8F61FD90D548}.Release|iPhoneSimulator.ActiveCfg = Release|Any CPU
		{95805400-8630-4CEC-9E92-8F61FD90D548}.Release|iPhoneSimulator.Build.0 = Release|Any CPU
		{E5302A34-EC36-45DE-8833-6C6360E2873F}.Debug|Any CPU.ActiveCfg = Debug|Any CPU
		{E5302A34-EC36-45DE-8833-6C6360E2873F}.Debug|Any CPU.Build.0 = Debug|Any CPU
		{E5302A34-EC36-45DE-8833-6C6360E2873F}.Debug|iPhone.ActiveCfg = Debug|Any CPU
		{E5302A34-EC36-45DE-8833-6C6360E2873F}.Debug|iPhone.Build.0 = Debug|Any CPU
		{E5302A34-EC36-45DE-8833-6C6360E2873F}.Debug|iPhoneSimulator.ActiveCfg = Debug|Any CPU
		{E5302A34-EC36-45DE-8833-6C6360E2873F}.Debug|iPhoneSimulator.Build.0 = Debug|Any CPU
		{E5302A34-EC36-45DE-8833-6C6360E2873F}.Release|Any CPU.ActiveCfg = Release|Any CPU
		{E5302A34-EC36-45DE-8833-6C6360E2873F}.Release|Any CPU.Build.0 = Release|Any CPU
		{E5302A34-EC36-45DE-8833-6C6360E2873F}.Release|iPhone.ActiveCfg = Release|Any CPU
		{E5302A34-EC36-45DE-8833-6C6360E2873F}.Release|iPhone.Build.0 = Release|Any CPU
		{E5302A34-EC36-45DE-8833-6C6360E2873F}.Release|iPhoneSimulator.ActiveCfg = Release|Any CPU
		{E5302A34-EC36-45DE-8833-6C6360E2873F}.Release|iPhoneSimulator.Build.0 = Release|Any CPU
		{F9E03C99-1B6C-4FA7-8762-00B38B50559A}.Debug|Any CPU.ActiveCfg = Debug|iPhoneSimulator
		{F9E03C99-1B6C-4FA7-8762-00B38B50559A}.Debug|Any CPU.Build.0 = Debug|iPhoneSimulator
		{F9E03C99-1B6C-4FA7-8762-00B38B50559A}.Debug|iPhone.ActiveCfg = Debug|iPhone
		{F9E03C99-1B6C-4FA7-8762-00B38B50559A}.Debug|iPhone.Build.0 = Debug|iPhone
		{F9E03C99-1B6C-4FA7-8762-00B38B50559A}.Debug|iPhoneSimulator.ActiveCfg = Debug|iPhoneSimulator
		{F9E03C99-1B6C-4FA7-8762-00B38B50559A}.Debug|iPhoneSimulator.Build.0 = Debug|iPhoneSimulator
		{F9E03C99-1B6C-4FA7-8762-00B38B50559A}.Release|Any CPU.ActiveCfg = Release|iPhone
		{F9E03C99-1B6C-4FA7-8762-00B38B50559A}.Release|Any CPU.Build.0 = Release|iPhone
		{F9E03C99-1B6C-4FA7-8762-00B38B50559A}.Release|iPhone.ActiveCfg = Release|iPhone
		{F9E03C99-1B6C-4FA7-8762-00B38B50559A}.Release|iPhone.Build.0 = Release|iPhone
		{F9E03C99-1B6C-4FA7-8762-00B38B50559A}.Release|iPhoneSimulator.ActiveCfg = Release|iPhoneSimulator
		{F9E03C99-1B6C-4FA7-8762-00B38B50559A}.Release|iPhoneSimulator.Build.0 = Release|iPhoneSimulator
	EndGlobalSection
EndGlobal
